<?xml version="1.0" encoding="utf-8"?>
<Project ToolsVersion="4.0" xmlns="http://schemas.microsoft.com/developer/msbuild/2003">
  <ItemGroup>
    <Filter Include="Source Files">
      <UniqueIdentifier>{4FC737F1-C7A5-4376-A066-2A32D752A2FF}</UniqueIdentifier>
      <Extensions>cpp;c;cc;cxx;def;odl;idl;hpj;bat;asm;asmx</Extensions>
    </Filter>
    <Filter Include="Header Files">
      <UniqueIdentifier>{93995380-89BD-4b04-88EB-625FBE52EBFB}</UniqueIdentifier>
      <Extensions>h;hpp;hxx;hm;inl;inc;xsd</Extensions>
    </Filter>
    <Filter Include="Resource Files">
      <UniqueIdentifier>{67DA6AB6-F800-4c08-8B7A-83BB121AAD01}</UniqueIdentifier>
      <Extensions>rc;ico;cur;bmp;dlg;rc2;rct;bin;rgs;gif;jpg;jpeg;jpe;resx;tiff;tif;png;wav</Extensions>
    </Filter>
  </ItemGroup>
  <ItemGroup>
    <ClCompile Include="..\..\2d.cpp">
      <Filter>Source Files</Filter>
    </ClCompile>
    <ClCompile Include="..\..\bcdfloat.cpp">
      <Filter>Source Files</Filter>
    </ClCompile>
    <ClCompile Include="..\clip.cpp">
      <Filter>Source Files</Filter>
    </ClCompile>
    <ClCompile Include="..\drawpoly.cpp">
      <Filter>Source Files</Filter>
    </ClCompile>
    <ClCompile Include="..\editor.cpp">
      <Filter>Source Files</Filter>
    </ClCompile>
    <ClCompile Include="..\files.cpp">
      <Filter>Source Files</Filter>
    </ClCompile>
    <ClCompile Include="..\init.cpp">
      <Filter>Source Files</Filter>
    </ClCompile>
    <ClCompile Include="l3dt.cpp">
      <Filter>Source Files</Filter>
    </ClCompile>
    <ClCompile Include="..\main.cpp">
      <Filter>Source Files</Filter>
    </ClCompile>
    <ClCompile Include="..\matrix.cpp">
      <Filter>Source Files</Filter>
    </ClCompile>
    <ClCompile Include="..\memory.cpp">
      <Filter>Source Files</Filter>
    </ClCompile>
    <ClCompile Include="..\model.cpp">
      <Filter>Source Files</Filter>
    </ClCompile>
    <ClCompile Include="..\os.cpp">
      <Filter>Source Files</Filter>
    </ClCompile>
    <ClCompile Include="..\primitiv.cpp">
      <Filter>Source Files</Filter>
    </ClCompile>
    <ClCompile Include="..\..\qsort2.c">
      <Filter>Source Files</Filter>
    </ClCompile>
    <ClCompile Include="..\render.cpp">
      <Filter>Source Files</Filter>
    </ClCompile>
    <ClCompile Include="..\triangle.cpp">
      <Filter>Source Files</Filter>
    </ClCompile>
    <ClCompile Include="..\view.cpp">
      <Filter>Source Files</Filter>
    </ClCompile>
    <ClCompile Include="..\world.cpp">
      <Filter>Source Files</Filter>
    </ClCompile>
    <ClCompile Include="..\controller.cpp">
      <Filter>Source Files</Filter>
    </ClCompile>
    <ClCompile Include="..\l3api.cpp">
      <Filter>Header Files</Filter>
    </ClCompile>
  </ItemGroup>
  <ItemGroup>
    <ClInclude Include="..\..\2d.h">
      <Filter>Header Files</Filter>
    </ClInclude>
    <ClInclude Include="..\..\bcdfloat.h">
      <Filter>Header Files</Filter>
    </ClInclude>
    <ClInclude Include="..\..\bcdh.h">
      <Filter>Header Files</Filter>
    </ClInclude>
    <ClInclude Include="..\editor.h">
      <Filter>Header Files</Filter>
    </ClInclude>
    <ClInclude Include="..\files.h">
      <Filter>Header Files</Filter>
    </ClInclude>
    <ClInclude Include="..\fill.h">
      <Filter>Header Files</Filter>
    </ClInclude>
    <ClInclude Include="l3dt.h">
      <Filter>Header Files</Filter>
    </ClInclude>
    <ClInclude Include="..\matrix.h">
      <Filter>Header Files</Filter>
    </ClInclude>
    <ClInclude Include="..\md.h">
      <Filter>Header Files</Filter>
    </ClInclude>
    <ClInclude Include="..\misc.h">
      <Filter>Header Files</Filter>
    </ClInclude>
    <ClInclude Include="..\model.h">
      <Filter>Header Files</Filter>
    </ClInclude>
    <ClInclude Include="..\os.h">
      <Filter>Header Files</Filter>
    </ClInclude>
    <ClInclude Include="..\primitiv.h">
      <Filter>Header Files</Filter>
    </ClInclude>
    <ClInclude Include="..\render.h">
      <Filter>Header Files</Filter>
    </ClInclude>
    <ClInclude Include="Resource.h">
      <Filter>Header Files</Filter>
    </ClInclude>
    <ClInclude Include="stdafx.h">
      <Filter>Header Files</Filter>
    </ClInclude>
    <ClInclude Include="..\view.h">
      <Filter>Header Files</Filter>
    </ClInclude>
    <ClInclude Include="..\world.h">
      <Filter>Header Files</Filter>
    </ClInclude>
    <ClInclude Include="..\casio3d.h">
      <Filter>Header Files</Filter>
    </ClInclude>
    <ClInclude Include="..\clip.h">
      <Filter>Header Files</Filter>
    </ClInclude>
    <ClInclude Include="..\drawpoly.h">
      <Filter>Header Files</Filter>
    </ClInclude>
    <ClInclude Include="..\triangle.h">
      <Filter>Header Files</Filter>
    </ClInclude>
    <ClInclude Include="..\controller.h">
      <Filter>Header Files</Filter>
    </ClInclude>
    <ClInclude Include="..\l3defs.h">
      <Filter>Header Files</Filter>
    </ClInclude>
    <ClInclude Include="..\l3api.h">
      <Filter>Header Files</Filter>
    </ClInclude>
  </ItemGroup>
  <ItemGroup>
    <Image Include="l3dt.ico">
      <Filter>Resource Files</Filter>
    </Image>
    <Image Include="small.ico">
      <Filter>Resource Files</Filter>
    </Image>
  </ItemGroup>
  <ItemGroup>
    <ResourceCompile Include="l3dt.rc">
      <Filter>Resource Files</Filter>
    </ResourceCompile>
  </ItemGroup>
</Project>